
Microsoft Visual Studio Solution File, Format Version 12.00
# Visual Studio 14
VisualStudioVersion = 14.0.25420.1
MinimumVisualStudioVersion = 10.0.40219.1
Project("{FAE04EC0-301F-11D3-BF4B-00C04F79EFBC}") = "TeamPowered", "TeamPowered\TeamPowered.csproj", "{B0F210A8-0B47-48A3-AEC7-B5677DE4572D}"
EndProject
Global
	GlobalSection(SolutionConfigurationPlatforms) = preSolution
		Debug|Any CPU = Debug|Any CPU
		Release|Any CPU = Release|Any CPU
	EndGlobalSection
	GlobalSection(ProjectConfigurationPlatforms) = postSolution
		{B0F210A8-0B47-48A3-AEC7-B5677DE4572D}.Debug|Any CPU.ActiveCfg = Debug|Any CPU
		{B0F210A8-0B47-48A3-AEC7-B5677DE4572D}.Debug|Any CPU.Build.0 = Debug|Any CPU
		{B0F210A8-0B47-48A3-AEC7-B5677DE4572D}.Release|Any CPU.ActiveCfg = Release|Any CPU
		{B0F210A8-0B47-48A3-AEC7-B5677DE4572D}.Release|Any CPU.Build.0 = Release|Any CPU
	EndGlobalSection
	GlobalSection(SolutionProperties) = preSolution
		HideSolutionNode = FALSE
	EndGlobalSection
EndGlobal
